
Microsoft Visual Studio Solution File, Format Version 12.00
# Visual Studio Version 17
VisualStudioVersion = 17.3.32819.101
MinimumVisualStudioVersion = 10.0.40219.1
Project("{9A19103F-16F7-4668-BE54-9A1E7A4F7556}") = "ImageProcessor", "ImageProcessor\ImageProcessor.csproj", "{482C11C4-39E6-41E5-86D7-33B7DF9B36B0}"
EndProject
Global
	GlobalSection(SolutionConfigurationPlatforms) = preSolution
		Debug|Any CPU = Debug|Any CPU
		Release|Any CPU = Release|Any CPU
	EndGlobalSection
	GlobalSection(ProjectConfigurationPlatforms) = postSolution
		{482C11C4-39E6-41E5-86D7-33B7DF9B36B0}.Debug|Any CPU.ActiveCfg = Debug|Any CPU
		{482C11C4-39E6-41E5-86D7-33B7DF9B36B0}.Debug|Any CPU.Build.0 = Debug|Any CPU
		{482C11C4-39E6-41E5-86D7-33B7DF9B36B0}.Release|Any CPU.ActiveCfg = Release|Any CPU
		{482C11C4-39E6-41E5-86D7-33B7DF9B36B0}.Release|Any CPU.Build.0 = Release|Any CPU
	EndGlobalSection
	GlobalSection(SolutionProperties) = preSolution
		HideSolutionNode = FALSE
	EndGlobalSection
	GlobalSection(ExtensibilityGlobals) = postSolution
		SolutionGuid = {573A9087-C8D9-4088-9A74-1C291D9BF343}
	EndGlobalSection
EndGlobal
